
Microsoft Visual Studio Solution File, Format Version 12.00
# Visual Studio Version 16
VisualStudioVersion = 16.0.36422.26
MinimumVisualStudioVersion = 10.0.40219.1
Project("{FAE04EC0-301F-11D3-BF4B-00C04F79EFBC}") = "ManejoDeArreglos1", "ManejoDeArreglos1.csproj", "{F1C33441-576E-4B9A-8264-50925AFF2A89}"
EndProject
Global
	GlobalSection(SolutionConfigurationPlatforms) = preSolution
		Debug|Any CPU = Debug|Any CPU
		Release|Any CPU = Release|Any CPU
	EndGlobalSection
	GlobalSection(ProjectConfigurationPlatforms) = postSolution
		{F1C33441-576E-4B9A-8264-50925AFF2A89}.Debug|Any CPU.ActiveCfg = Debug|Any CPU
		{F1C33441-576E-4B9A-8264-50925AFF2A89}.Debug|Any CPU.Build.0 = Debug|Any CPU
		{F1C33441-576E-4B9A-8264-50925AFF2A89}.Release|Any CPU.ActiveCfg = Release|Any CPU
		{F1C33441-576E-4B9A-8264-50925AFF2A89}.Release|Any CPU.Build.0 = Release|Any CPU
	EndGlobalSection
	GlobalSection(SolutionProperties) = preSolution
		HideSolutionNode = FALSE
	EndGlobalSection
	GlobalSection(ExtensibilityGlobals) = postSolution
		SolutionGuid = {F181FF07-B80B-4287-8D28-F75163A73C34}
	EndGlobalSection
EndGlobal
